
Microsoft Visual Studio Solution File, Format Version 12.00
# Visual Studio Version 17
VisualStudioVersion = 17.9.34616.47
MinimumVisualStudioVersion = 10.0.40219.1
Project("{FAE04EC0-301F-11D3-BF4B-00C04F79EFBC}") = "RockPaperScissors", "RockPaperScissors\RockPaperScissors.csproj", "{66F2FCA4-96DE-4E61-849B-B6066B951045}"
EndProject
Global
	GlobalSection(SolutionConfigurationPlatforms) = preSolution
		Debug|Any CPU = Debug|Any CPU
		Release|Any CPU = Release|Any CPU
	EndGlobalSection
	GlobalSection(ProjectConfigurationPlatforms) = postSolution
		{66F2FCA4-96DE-4E61-849B-B6066B951045}.Debug|Any CPU.ActiveCfg = Debug|Any CPU
		{66F2FCA4-96DE-4E61-849B-B6066B951045}.Debug|Any CPU.Build.0 = Debug|Any CPU
		{66F2FCA4-96DE-4E61-849B-B6066B951045}.Release|Any CPU.ActiveCfg = Release|Any CPU
		{66F2FCA4-96DE-4E61-849B-B6066B951045}.Release|Any CPU.Build.0 = Release|Any CPU
	EndGlobalSection
	GlobalSection(SolutionProperties) = preSolution
		HideSolutionNode = FALSE
	EndGlobalSection
	GlobalSection(ExtensibilityGlobals) = postSolution
		SolutionGuid = {4D2D78E1-97F1-47A8-B481-B846FA8EF062}
	EndGlobalSection
EndGlobal
